
Microsoft Visual Studio Solution File, Format Version 11.00
# Visual Studio 2010
Project("{FAE04EC0-301F-11D3-BF4B-00C04F79EFBC}") = "Worles_Po Status", "Worles_Po Status.csproj", "{8449ADDE-6F19-4DB7-91EB-5DC159ADEA4A}"
EndProject
Global
	GlobalSection(SolutionConfigurationPlatforms) = preSolution
		Debug|Any CPU = Debug|Any CPU
		Release|Any CPU = Release|Any CPU
	EndGlobalSection
	GlobalSection(ProjectConfigurationPlatforms) = postSolution
		{8449ADDE-6F19-4DB7-91EB-5DC159ADEA4A}.Debug|Any CPU.ActiveCfg = Debug|Any CPU
		{8449ADDE-6F19-4DB7-91EB-5DC159ADEA4A}.Debug|Any CPU.Build.0 = Debug|Any CPU
		{8449ADDE-6F19-4DB7-91EB-5DC159ADEA4A}.Release|Any CPU.ActiveCfg = Release|Any CPU
		{8449ADDE-6F19-4DB7-91EB-5DC159ADEA4A}.Release|Any CPU.Build.0 = Release|Any CPU
	EndGlobalSection
	GlobalSection(SolutionProperties) = preSolution
		HideSolutionNode = FALSE
	EndGlobalSection
EndGlobal
